{
  "name": "cve_summary",
  "lockfileVersion": 3,
  "requires": true,
  "packages": {
    "": {
      "dependencies": {
        "bootstrap": "^5.3.3",
        "datatables.net": "^2.1.2",
        "datatables.net-bs5": "^2.1.2",
        "jquery": "^3.7.1"
      },
      "devDependencies": {
        "@types/datatables.net": "^1.12.0",
        "@types/jquery": "^3.5.30"
      }
    },
    "node_modules/@popperjs/core": {
      "version": "2.11.8",
      "resolved": "https://registry.npmjs.org/@popperjs/core/-/core-2.11.8.tgz",
      "integrity": "sha512-P1st0aksCrn9sGZhp8GMYwBnQsbvAWsZAX44oXNNvLHGqAOcoVxmjZiohstwQ7SqKnbR47akdNi+uleWD8+g6A==",
      "peer": true,
      "funding": {
        "type": "opencollective",
        "url": "https://opencollective.com/popperjs"
      }
    },
    "node_modules/@types/datatables.net": {
      "version": "1.12.0",
      "resolved": "https://registry.npmjs.org/@types/datatables.net/-/datatables.net-1.12.0.tgz",
      "integrity": "sha512-HjvusoHf/XKdNI/pDP/qVDclUVOKF/PI4R/AlVeUdz3Z00+A4Dyu9N5hIXGk3cK36sy1A072UffYZ+1wwW0zWg==",
      "deprecated": "This is a stub types definition. datatables.net provides its own type definitions, so you do not need this installed.",
      "dev": true,
      "dependencies": {
        "datatables.net": "*"
      }
    },
    "node_modules/@types/jquery": {
      "version": "3.5.30",
      "resolved": "https://registry.npmjs.org/@types/jquery/-/jquery-3.5.30.tgz",
      "integrity": "sha512-nbWKkkyb919DOUxjmRVk8vwtDb0/k8FKncmUKFi+NY+QXqWltooxTrswvz4LspQwxvLdvzBN1TImr6cw3aQx2A==",
      "dev": true,
      "dependencies": {
        "@types/sizzle": "*"
      }
    },
    "node_modules/@types/sizzle": {
      "version": "2.3.8",
      "resolved": "https://registry.npmjs.org/@types/sizzle/-/sizzle-2.3.8.tgz",
      "integrity": "sha512-0vWLNK2D5MT9dg0iOo8GlKguPAU02QjmZitPEsXRuJXU/OGIOt9vT9Fc26wtYuavLxtO45v9PGleoL9Z0k1LHg==",
      "dev": true
    },
    "node_modules/bootstrap": {
      "version": "5.3.3",
      "resolved": "https://registry.npmjs.org/bootstrap/-/bootstrap-5.3.3.tgz",
      "integrity": "sha512-8HLCdWgyoMguSO9o+aH+iuZ+aht+mzW0u3HIMzVu7Srrpv7EBBxTnrFlSCskwdY1+EOFQSm7uMJhNQHkdPcmjg==",
      "funding": [
        {
          "type": "github",
          "url": "https://github.com/sponsors/twbs"
        },
        {
          "type": "opencollective",
          "url": "https://opencollective.com/bootstrap"
        }
      ],
      "peerDependencies": {
        "@popperjs/core": "^2.11.8"
      }
    },
    "node_modules/datatables.net": {
      "version": "2.1.2",
      "resolved": "https://registry.npmjs.org/datatables.net/-/datatables.net-2.1.2.tgz",
      "integrity": "sha512-FZMH3bVqP6pKq/LwhFRoH22xW45bWt9eAdf7hmFrZkluXId6RNOr1EnrVvwHTo/f7l/rZX4wgHvnGvtOyj9Spw==",
      "dependencies": {
        "jquery": ">=1.7"
      }
    },
    "node_modules/datatables.net-bs5": {
      "version": "2.1.2",
      "resolved": "https://registry.npmjs.org/datatables.net-bs5/-/datatables.net-bs5-2.1.2.tgz",
      "integrity": "sha512-DBkr0+yBDNJYmJ1JlPh/wYJ8h9yNMHDtNE7wznuZUP32CrKRsPF2pvLsvyzChY/j0ZvR5l2myxI6wDQFx+dFLQ==",
      "dependencies": {
        "datatables.net": "2.1.2",
        "jquery": ">=1.7"
      }
    },
    "node_modules/jquery": {
      "version": "3.7.1",
      "resolved": "https://registry.npmjs.org/jquery/-/jquery-3.7.1.tgz",
      "integrity": "sha512-m4avr8yL8kmFN8psrbFFFmB/If14iN5o9nw/NgnnM+kybDJpRsAynV2BsfpTYrTRysYUdADVD7CkUUizgkpLfg=="
    }
  }
}
